{
  "originHash" : "3427947604160a7e22141b60639c5c71362be7dfab10751373274caed5ff8925",
  "pins" : [
    {
      "identity" : "osrmswift",
      "kind" : "remoteSourceControl",
      "location" : "https://github.com/workingDog/OSRMSwift",
      "state" : {
        "branch" : "main",
        "revision" : "9819e45a8974af86aedb96e2c299f67017d503b2"
      }
    }
  ],
  "version" : 3
}
